NeoBundleLock vim-markdown 74c9c60796ef10284ba26aaf38ffb39beae5f62c
NeoBundleLock editorconfig-vim 8dc406a3bf1e102bfa2413cde21b5632fa529e13
NeoBundleLock tmuxline.vim 6c535f85e5db80564e2a3538e95314ee449b1583
NeoBundleLock vim-airline 616daceb735771ed27535abe8a6e4907320f1e82
NeoBundleLock ctrlp.vim b5d3fe66a58a13d2ff8b6391f4387608496a030f
NeoBundleLock ag.vim d3a00f8affb091e7a14eb34f1beb9db9bb57a4bf
NeoBundleLock vim-togglemouse 50ad10ad9811c33f543c93d976a592d67c3589d4
NeoBundleLock Vim-R-plugin ec8a7ea3217199fddb7af15c54133c0ba5d4ff94
NeoBundleLock vim-colorschemes 3a847b964a8f67059f25c5729507511ea55e2c23
NeoBundleLock vim-endwise 96eb11755bb2d1a5583d44e9bcd10481bca45693
NeoBundleLock nerdtree 4f1e6ecb057fc0bac189171c1430d71ef25f6bb1
NeoBundleLock vim-commentary 8b4df6ca0ba9cd117d97a8fd26b44b2439d5e3f1
NeoBundleLock vim-colors-solarized 528a59f26d12278698bb946f8fb82a63711eec21
NeoBundleLock neobundle.vim 4eae51477d0a3e88495fc2c9dcc52abc8ea36675
NeoBundleLock vim-ruby 5e429a504f016c86a8989be2554239d175e366e9
NeoBundleLock delimitMate 38487bbec8ba50834e257940b357de03991fa8f9
