NeoBundleLock vim-markdown 74c9c60796ef10284ba26aaf38ffb39beae5f62c
NeoBundleLock vim-colors-solarized 528a59f26d12278698bb946f8fb82a63711eec21
NeoBundleLock editorconfig-vim 7498a71db23662e3c6500edb0f57c038d44b0544
NeoBundleLock vim-colorschemes 862cfc7dff26e7ecce7500725a4aae062acefe8a
NeoBundleLock nerdtree 4f1e6ecb057fc0bac189171c1430d71ef25f6bb1
NeoBundleLock neobundle.vim ecf13a58a90c6d35ebeeeaed248d8c65a4f59840
NeoBundleLock vim-ruby 5bc55bec639836ff5c35f58dc62988d6d1e74bd9
NeoBundleLock vim-togglemouse 50ad10ad9811c33f543c93d976a592d67c3589d4
NeoBundleLock vim-airline 0bc3a2111693c0292457d19488c09b3766de1fe8
NeoBundleLock tmuxline.vim 6c535f85e5db80564e2a3538e95314ee449b1583
NeoBundleLock ctrlp.vim b5d3fe66a58a13d2ff8b6391f4387608496a030f
